
Microsoft Visual Studio Solution File, Format Version 12.00
# Visual Studio Version 16
VisualStudioVersion = 16.0.31424.327
MinimumVisualStudioVersion = 10.0.40219.1
Project("{9A19103F-16F7-4668-BE54-9A1E7A4F7556}") = "FakerLib", "FakerLib.csproj", "{B680D5F3-ACF5-4EDA-BDED-9C27C8A8F6B0}"
EndProject
Project("{9A19103F-16F7-4668-BE54-9A1E7A4F7556}") = "ConsoleApp", "..\ConsoleApp\ConsoleApp.csproj", "{3566B852-06D5-446A-BE24-56D0FC095D6F}"
EndProject
Project("{9A19103F-16F7-4668-BE54-9A1E7A4F7556}") = "BasicGenerator", "..\BasicGenerator\BasicGenerator.csproj", "{F3D5654D-EFB6-4049-9377-5DD3002C43D6}"
EndProject
Project("{FAE04EC0-301F-11D3-BF4B-00C04F79EFBC}") = "TestFaker", "..\TestFaker\TestFaker.csproj", "{0AB6BE26-7DF3-413E-BD2C-36F4CF4C17E2}"
EndProject
Global
	GlobalSection(SolutionConfigurationPlatforms) = preSolution
		Debug|Any CPU = Debug|Any CPU
		Release|Any CPU = Release|Any CPU
	EndGlobalSection
	GlobalSection(ProjectConfigurationPlatforms) = postSolution
		{B680D5F3-ACF5-4EDA-BDED-9C27C8A8F6B0}.Debug|Any CPU.ActiveCfg = Debug|Any CPU
		{B680D5F3-ACF5-4EDA-BDED-9C27C8A8F6B0}.Debug|Any CPU.Build.0 = Debug|Any CPU
		{B680D5F3-ACF5-4EDA-BDED-9C27C8A8F6B0}.Release|Any CPU.ActiveCfg = Release|Any CPU
		{B680D5F3-ACF5-4EDA-BDED-9C27C8A8F6B0}.Release|Any CPU.Build.0 = Release|Any CPU
		{3566B852-06D5-446A-BE24-56D0FC095D6F}.Debug|Any CPU.ActiveCfg = Debug|Any CPU
		{3566B852-06D5-446A-BE24-56D0FC095D6F}.Debug|Any CPU.Build.0 = Debug|Any CPU
		{3566B852-06D5-446A-BE24-56D0FC095D6F}.Release|Any CPU.ActiveCfg = Release|Any CPU
		{3566B852-06D5-446A-BE24-56D0FC095D6F}.Release|Any CPU.Build.0 = Release|Any CPU
		{F3D5654D-EFB6-4049-9377-5DD3002C43D6}.Debug|Any CPU.ActiveCfg = Debug|Any CPU
		{F3D5654D-EFB6-4049-9377-5DD3002C43D6}.Debug|Any CPU.Build.0 = Debug|Any CPU
		{F3D5654D-EFB6-4049-9377-5DD3002C43D6}.Release|Any CPU.ActiveCfg = Release|Any CPU
		{F3D5654D-EFB6-4049-9377-5DD3002C43D6}.Release|Any CPU.Build.0 = Release|Any CPU
		{0AB6BE26-7DF3-413E-BD2C-36F4CF4C17E2}.Debug|Any CPU.ActiveCfg = Debug|Any CPU
		{0AB6BE26-7DF3-413E-BD2C-36F4CF4C17E2}.Debug|Any CPU.Build.0 = Debug|Any CPU
		{0AB6BE26-7DF3-413E-BD2C-36F4CF4C17E2}.Release|Any CPU.ActiveCfg = Release|Any CPU
		{0AB6BE26-7DF3-413E-BD2C-36F4CF4C17E2}.Release|Any CPU.Build.0 = Release|Any CPU
	EndGlobalSection
	GlobalSection(SolutionProperties) = preSolution
		HideSolutionNode = FALSE
	EndGlobalSection
	GlobalSection(ExtensibilityGlobals) = postSolution
		SolutionGuid = {FB20AEFD-0FA5-4D4E-9978-27BFC098BEDF}
	EndGlobalSection
EndGlobal
